
Microsoft Visual Studio Solution File, Format Version 12.00
# Visual Studio Version 16
VisualStudioVersion = 16.0.32126.315
MinimumVisualStudioVersion = 10.0.40219.1
Project("{FAE04EC0-301F-11D3-BF4B-00C04F79EFBC}") = "WPF (LECTION 1.10.2022)", "WPF (LECTION 1.10.2022).csproj", "{0CBA670D-2832-4274-9941-6B57596C83CC}"
EndProject
Global
	GlobalSection(SolutionConfigurationPlatforms) = preSolution
		Debug|Any CPU = Debug|Any CPU
		Release|Any CPU = Release|Any CPU
	EndGlobalSection
	GlobalSection(ProjectConfigurationPlatforms) = postSolution
		{0CBA670D-2832-4274-9941-6B57596C83CC}.Debug|Any CPU.ActiveCfg = Debug|Any CPU
		{0CBA670D-2832-4274-9941-6B57596C83CC}.Debug|Any CPU.Build.0 = Debug|Any CPU
		{0CBA670D-2832-4274-9941-6B57596C83CC}.Release|Any CPU.ActiveCfg = Release|Any CPU
		{0CBA670D-2832-4274-9941-6B57596C83CC}.Release|Any CPU.Build.0 = Release|Any CPU
	EndGlobalSection
	GlobalSection(SolutionProperties) = preSolution
		HideSolutionNode = FALSE
	EndGlobalSection
	GlobalSection(ExtensibilityGlobals) = postSolution
		SolutionGuid = {3000B906-887B-495C-ABBD-E3669764CEEA}
	EndGlobalSection
EndGlobal
